
Microsoft Visual Studio Solution File, Format Version 12.00
# Visual Studio 15
VisualStudioVersion = 15.0.27004.2008
MinimumVisualStudioVersion = 10.0.40219.1
Project("{FAE04EC0-301F-11D3-BF4B-00C04F79EFBC}") = "LogViewer.DataAccess", "LogViewer.DataAccess\LogViewer.DataAccess.csproj", "{62F48F0F-7DDA-40CC-97D2-8D5D389A9DD6}"
EndProject
Project("{FAE04EC0-301F-11D3-BF4B-00C04F79EFBC}") = "LogViewer.BusinessLogic", "LogViewer.BusinessLogic\LogViewer.BusinessLogic.csproj", "{F5FC36B1-7082-4E55-B3AB-ECDB816B4AB3}"
EndProject
Project("{FAE04EC0-301F-11D3-BF4B-00C04F79EFBC}") = "LogViewer.Common", "LogViewer.Common\LogViewer.Common.csproj", "{55FAB68D-6042-4A8A-A417-20F53FF9F875}"
EndProject
Project("{9A19103F-16F7-4668-BE54-9A1E7A4F7556}") = "LogViewer.Authentication", "LogViewer.Authentication\LogViewer.Authentication.csproj", "{44D2161C-0D51-44A3-AF97-687E538F95B5}"
EndProject
Project("{9A19103F-16F7-4668-BE54-9A1E7A4F7556}") = "LogViewer.Web", "LogViewer.Web\LogViewer.Web.csproj", "{97C4A0A0-90D7-472A-AFAA-03D2765456EF}"
EndProject
Global
	GlobalSection(SolutionConfigurationPlatforms) = preSolution
		Debug|Any CPU = Debug|Any CPU
		Release|Any CPU = Release|Any CPU
	EndGlobalSection
	GlobalSection(ProjectConfigurationPlatforms) = postSolution
		{62F48F0F-7DDA-40CC-97D2-8D5D389A9DD6}.Debug|Any CPU.ActiveCfg = Debug|Any CPU
		{62F48F0F-7DDA-40CC-97D2-8D5D389A9DD6}.Debug|Any CPU.Build.0 = Debug|Any CPU
		{62F48F0F-7DDA-40CC-97D2-8D5D389A9DD6}.Release|Any CPU.ActiveCfg = Release|Any CPU
		{62F48F0F-7DDA-40CC-97D2-8D5D389A9DD6}.Release|Any CPU.Build.0 = Release|Any CPU
		{F5FC36B1-7082-4E55-B3AB-ECDB816B4AB3}.Debug|Any CPU.ActiveCfg = Debug|Any CPU
		{F5FC36B1-7082-4E55-B3AB-ECDB816B4AB3}.Debug|Any CPU.Build.0 = Debug|Any CPU
		{F5FC36B1-7082-4E55-B3AB-ECDB816B4AB3}.Release|Any CPU.ActiveCfg = Release|Any CPU
		{F5FC36B1-7082-4E55-B3AB-ECDB816B4AB3}.Release|Any CPU.Build.0 = Release|Any CPU
		{55FAB68D-6042-4A8A-A417-20F53FF9F875}.Debug|Any CPU.ActiveCfg = Debug|Any CPU
		{55FAB68D-6042-4A8A-A417-20F53FF9F875}.Debug|Any CPU.Build.0 = Debug|Any CPU
		{55FAB68D-6042-4A8A-A417-20F53FF9F875}.Release|Any CPU.ActiveCfg = Release|Any CPU
		{55FAB68D-6042-4A8A-A417-20F53FF9F875}.Release|Any CPU.Build.0 = Release|Any CPU
		{44D2161C-0D51-44A3-AF97-687E538F95B5}.Debug|Any CPU.ActiveCfg = Debug|Any CPU
		{44D2161C-0D51-44A3-AF97-687E538F95B5}.Debug|Any CPU.Build.0 = Debug|Any CPU
		{44D2161C-0D51-44A3-AF97-687E538F95B5}.Release|Any CPU.ActiveCfg = Release|Any CPU
		{44D2161C-0D51-44A3-AF97-687E538F95B5}.Release|Any CPU.Build.0 = Release|Any CPU
		{97C4A0A0-90D7-472A-AFAA-03D2765456EF}.Debug|Any CPU.ActiveCfg = Debug|Any CPU
		{97C4A0A0-90D7-472A-AFAA-03D2765456EF}.Debug|Any CPU.Build.0 = Debug|Any CPU
		{97C4A0A0-90D7-472A-AFAA-03D2765456EF}.Release|Any CPU.ActiveCfg = Release|Any CPU
		{97C4A0A0-90D7-472A-AFAA-03D2765456EF}.Release|Any CPU.Build.0 = Release|Any CPU
	EndGlobalSection
	GlobalSection(SolutionProperties) = preSolution
		HideSolutionNode = FALSE
	EndGlobalSection
	GlobalSection(ExtensibilityGlobals) = postSolution
		SolutionGuid = {318BC914-C618-4D3A-8295-B40135D0E76A}
	EndGlobalSection
EndGlobal
